// !$*UTF8*$!
{
	archiveVersion = 1;
	classes = {
	};
	objectVersion = 56;
	objects = {

/* Begin PBXBuildFile section */
		AC690CCC2AF2637000138E0B /* AppDelegate.swift in Sources */ = {isa = PBXBuildFile; fileRef = AC690CCB2AF2637000138E0B /* AppDelegate.swift */; };
		AC690CCE2AF2637000138E0B /* SceneDelegate.swift in Sources */ = {isa = PBXBuildFile; fileRef = AC690CCD2AF2637000138E0B /* SceneDelegate.swift */; };
		AC690CD02AF2637000138E0B /* MainViewController.swift in Sources */ = {isa = PBXBuildFile; fileRef = AC690CCF2AF2637000138E0B /* MainViewController.swift */; };
		AC690CD32AF2637000138E0B /* Main.storyboard in Resources */ = {isa = PBXBuildFile; fileRef = AC690CD12AF2637000138E0B /* Main.storyboard */; };
		AC690CD52AF2637100138E0B /* Assets.xcassets in Resources */ = {isa = PBXBuildFile; fileRef = AC690CD42AF2637100138E0B /* Assets.xcassets */; };
		AC690CD82AF2637100138E0B /* LaunchScreen.storyboard in Resources */ = {isa = PBXBuildFile; fileRef = AC690CD62AF2637100138E0B /* LaunchScreen.storyboard */; };
		AC690CE02AF2685400138E0B /* ResizeViewController.swift in Sources */ = {isa = PBXBuildFile; fileRef = AC690CDF2AF2685400138E0B /* ResizeViewController.swift */; };
		AC690CE22AF26DED00138E0B /* ButtonAction.swift in Sources */ = {isa = PBXBuildFile; fileRef = AC690CE12AF26DED00138E0B /* ButtonAction.swift */; };
		AC690CEA2AF3B3B700138E0B /* UIButton.swift in Sources */ = {isa = PBXBuildFile; fileRef = AC690CE92AF3B3B700138E0B /* UIButton.swift */; };
		AC690CED2AF3C32400138E0B /* BottomSheetTransitioningDelegate.swift in Sources */ = {isa = PBXBuildFile; fileRef = AC690CEC2AF3C32400138E0B /* BottomSheetTransitioningDelegate.swift */; };
		AC690CEF2AF3C38400138E0B /* BottomSheetPresentationController.swift in Sources */ = {isa = PBXBuildFile; fileRef = AC690CEE2AF3C38400138E0B /* BottomSheetPresentationController.swift */; };
		AC690CF52AF42B7B00138E0B /* ScreenScale.swift in Sources */ = {isa = PBXBuildFile; fileRef = AC690CF42AF42B7B00138E0B /* ScreenScale.swift */; };
		AC690CF72AF7985100138E0B /* CGRect.swift in Sources */ = {isa = PBXBuildFile; fileRef = AC690CF62AF7985100138E0B /* CGRect.swift */; };
		AC690CF92AF7991B00138E0B /* CGSize.swift in Sources */ = {isa = PBXBuildFile; fileRef = AC690CF82AF7991B00138E0B /* CGSize.swift */; };
		AC690CFB2AF7995500138E0B /* BinaryFloatingPoint.swift in Sources */ = {isa = PBXBuildFile; fileRef = AC690CFA2AF7995500138E0B /* BinaryFloatingPoint.swift */; };
		AC690CFD2AF799D200138E0B /* CGPoint.swift in Sources */ = {isa = PBXBuildFile; fileRef = AC690CFC2AF799D200138E0B /* CGPoint.swift */; };
		AC690CFF2AF7AE2C00138E0B /* BottomSheetModalDismissalHandler.swift in Sources */ = {isa = PBXBuildFile; fileRef = AC690CFE2AF7AE2C00138E0B /* BottomSheetModalDismissalHandler.swift */; };
		AC690D012AFCE85200138E0B /* UIScrollView+MulticastDelegate.swift in Sources */ = {isa = PBXBuildFile; fileRef = AC690D002AFCE85200138E0B /* UIScrollView+MulticastDelegate.swift */; };
		AC690D032AFCEAE000138E0B /* UIScrollView.swift in Sources */ = {isa = PBXBuildFile; fileRef = AC690D022AFCEAE000138E0B /* UIScrollView.swift */; };
		AC690D052AFE4CA600138E0B /* UIView.swift in Sources */ = {isa = PBXBuildFile; fileRef = AC690D042AFE4CA600138E0B /* UIView.swift */; };
		AC69F0E02B21B36E00A220E1 /* UIViewController+Convenience.swift in Sources */ = {isa = PBXBuildFile; fileRef = AC69F0DF2B21B36E00A220E1 /* UIViewController+Convenience.swift */; };
		AC69F0E22B21E0A900A220E1 /* BottomSheetConfiguration.swift in Sources */ = {isa = PBXBuildFile; fileRef = AC69F0E12B21E0A900A220E1 /* BottomSheetConfiguration.swift */; };
/* End PBXBuildFile section */

/* Begin PBXFileReference section */
		AC690CC82AF2637000138E0B /* BottomSheet.app */ = {isa = PBXFileReference; explicitFileType = wrapper.application; includeInIndex = 0; path = BottomSheet.app; sourceTree = BUILT_PRODUCTS_DIR; };
		AC690CCB2AF2637000138E0B /* AppDelegate.swift */ = {isa = PBXFileReference; lastKnownFileType = sourcecode.swift; path = AppDelegate.swift; sourceTree = "<group>"; };
		AC690CCD2AF2637000138E0B /* SceneDelegate.swift */ = {isa = PBXFileReference; lastKnownFileType = sourcecode.swift; path = SceneDelegate.swift; sourceTree = "<group>"; };
		AC690CCF2AF2637000138E0B /* MainViewController.swift */ = {isa = PBXFileReference; lastKnownFileType = sourcecode.swift; path = MainViewController.swift; sourceTree = "<group>"; };
		AC690CD22AF2637000138E0B /* Base */ = {isa = PBXFileReference; lastKnownFileType = file.storyboard; name = Base; path = Base.lproj/Main.storyboard; sourceTree = "<group>"; };
		AC690CD42AF2637100138E0B /* Assets.xcassets */ = {isa = PBXFileReference; lastKnownFileType = folder.assetcatalog; path = Assets.xcassets; sourceTree = "<group>"; };
		AC690CD72AF2637100138E0B /* Base */ = {isa = PBXFileReference; lastKnownFileType = file.storyboard; name = Base; path = Base.lproj/LaunchScreen.storyboard; sourceTree = "<group>"; };
		AC690CD92AF2637100138E0B /* Info.plist */ = {isa = PBXFileReference; lastKnownFileType = text.plist.xml; path = Info.plist; sourceTree = "<group>"; };
		AC690CDF2AF2685400138E0B /* ResizeViewController.swift */ = {isa = PBXFileReference; lastKnownFileType = sourcecode.swift; path = ResizeViewController.swift; sourceTree = "<group>"; };
		AC690CE12AF26DED00138E0B /* ButtonAction.swift */ = {isa = PBXFileReference; lastKnownFileType = sourcecode.swift; path = ButtonAction.swift; sourceTree = "<group>"; };
		AC690CE92AF3B3B700138E0B /* UIButton.swift */ = {isa = PBXFileReference; lastKnownFileType = sourcecode.swift; path = UIButton.swift; sourceTree = "<group>"; };
		AC690CEC2AF3C32400138E0B /* BottomSheetTransitioningDelegate.swift */ = {isa = PBXFileReference; lastKnownFileType = sourcecode.swift; path = BottomSheetTransitioningDelegate.swift; sourceTree = "<group>"; };
		AC690CEE2AF3C38400138E0B /* BottomSheetPresentationController.swift */ = {isa = PBXFileReference; lastKnownFileType = sourcecode.swift; path = BottomSheetPresentationController.swift; sourceTree = "<group>"; };
		AC690CF42AF42B7B00138E0B /* ScreenScale.swift */ = {isa = PBXFileReference; lastKnownFileType = sourcecode.swift; path = ScreenScale.swift; sourceTree = "<group>"; };
		AC690CF62AF7985100138E0B /* CGRect.swift */ = {isa = PBXFileReference; lastKnownFileType = sourcecode.swift; path = CGRect.swift; sourceTree = "<group>"; };
		AC690CF82AF7991B00138E0B /* CGSize.swift */ = {isa = PBXFileReference; lastKnownFileType = sourcecode.swift; path = CGSize.swift; sourceTree = "<group>"; };
		AC690CFA2AF7995500138E0B /* BinaryFloatingPoint.swift */ = {isa = PBXFileReference; lastKnownFileType = sourcecode.swift; path = BinaryFloatingPoint.swift; sourceTree = "<group>"; };
		AC690CFC2AF799D200138E0B /* CGPoint.swift */ = {isa = PBXFileReference; lastKnownFileType = sourcecode.swift; path = CGPoint.swift; sourceTree = "<group>"; };
		AC690CFE2AF7AE2C00138E0B /* BottomSheetModalDismissalHandler.swift */ = {isa = PBXFileReference; lastKnownFileType = sourcecode.swift; path = BottomSheetModalDismissalHandler.swift; sourceTree = "<group>"; };
		AC690D002AFCE85200138E0B /* UIScrollView+MulticastDelegate.swift */ = {isa = PBXFileReference; lastKnownFileType = sourcecode.swift; path = "UIScrollView+MulticastDelegate.swift"; sourceTree = "<group>"; };
		AC690D022AFCEAE000138E0B /* UIScrollView.swift */ = {isa = PBXFileReference; lastKnownFileType = sourcecode.swift; path = UIScrollView.swift; sourceTree = "<group>"; };
		AC690D042AFE4CA600138E0B /* UIView.swift */ = {isa = PBXFileReference; lastKnownFileType = sourcecode.swift; path = UIView.swift; sourceTree = "<group>"; };
		AC69F0DF2B21B36E00A220E1 /* UIViewController+Convenience.swift */ = {isa = PBXFileReference; lastKnownFileType = sourcecode.swift; path = "UIViewController+Convenience.swift"; sourceTree = "<group>"; };
		AC69F0E12B21E0A900A220E1 /* BottomSheetConfiguration.swift */ = {isa = PBXFileReference; lastKnownFileType = sourcecode.swift; path = BottomSheetConfiguration.swift; sourceTree = "<group>"; };
/* End PBXFileReference section */

/* Begin PBXFrameworksBuildPhase section */
		AC690CC52AF2637000138E0B /* Frameworks */ = {
			isa = PBXFrameworksBuildPhase;
			buildActionMask = 2147483647;
			files = (
			);
			runOnlyForDeploymentPostprocessing = 0;
		};
/* End PBXFrameworksBuildPhase section */

/* Begin PBXGroup section */
		AC690CBF2AF2637000138E0B = {
			isa = PBXGroup;
			children = (
				AC690CCA2AF2637000138E0B /* BottomSheet */,
				AC690CC92AF2637000138E0B /* Products */,
			);
			sourceTree = "<group>";
		};
		AC690CC92AF2637000138E0B /* Products */ = {
			isa = PBXGroup;
			children = (
				AC690CC82AF2637000138E0B /* BottomSheet.app */,
			);
			name = Products;
			sourceTree = "<group>";
		};
		AC690CCA2AF2637000138E0B /* BottomSheet */ = {
			isa = PBXGroup;
			children = (
				AC690CEB2AF3C2E100138E0B /* BottomSheet */,
				AC690CE62AF2747200138E0B /* ViewControllers */,
				AC690CE32AF2740C00138E0B /* Helpers */,
				AC690CE82AF3B3A400138E0B /* Extensions */,
				AC690CE52AF2746A00138E0B /* App */,
				AC690CE72AF2748700138E0B /* Storyboard */,
				AC690CE42AF2745500138E0B /* Resources */,
			);
			path = BottomSheet;
			sourceTree = "<group>";
		};
		AC690CE32AF2740C00138E0B /* Helpers */ = {
			isa = PBXGroup;
			children = (
				AC690CE12AF26DED00138E0B /* ButtonAction.swift */,
				AC690CF42AF42B7B00138E0B /* ScreenScale.swift */,
			);
			path = Helpers;
			sourceTree = "<group>";
		};
		AC690CE42AF2745500138E0B /* Resources */ = {
			isa = PBXGroup;
			children = (
				AC690CD42AF2637100138E0B /* Assets.xcassets */,
			);
			path = Resources;
			sourceTree = "<group>";
		};
		AC690CE52AF2746A00138E0B /* App */ = {
			isa = PBXGroup;
			children = (
				AC690CCB2AF2637000138E0B /* AppDelegate.swift */,
				AC690CCD2AF2637000138E0B /* SceneDelegate.swift */,
				AC690CD92AF2637100138E0B /* Info.plist */,
			);
			path = App;
			sourceTree = "<group>";
		};
		AC690CE62AF2747200138E0B /* ViewControllers */ = {
			isa = PBXGroup;
			children = (
				AC690CCF2AF2637000138E0B /* MainViewController.swift */,
				AC690CDF2AF2685400138E0B /* ResizeViewController.swift */,
			);
			path = ViewControllers;
			sourceTree = "<group>";
		};
		AC690CE72AF2748700138E0B /* Storyboard */ = {
			isa = PBXGroup;
			children = (
				AC690CD12AF2637000138E0B /* Main.storyboard */,
				AC690CD62AF2637100138E0B /* LaunchScreen.storyboard */,
			);
			path = Storyboard;
			sourceTree = "<group>";
		};
		AC690CE82AF3B3A400138E0B /* Extensions */ = {
			isa = PBXGroup;
			children = (
				AC690CE92AF3B3B700138E0B /* UIButton.swift */,
				AC690CFC2AF799D200138E0B /* CGPoint.swift */,
				AC690CF62AF7985100138E0B /* CGRect.swift */,
				AC690CF82AF7991B00138E0B /* CGSize.swift */,
				AC690CFA2AF7995500138E0B /* BinaryFloatingPoint.swift */,
				AC690D002AFCE85200138E0B /* UIScrollView+MulticastDelegate.swift */,
				AC690D022AFCEAE000138E0B /* UIScrollView.swift */,
				AC690D042AFE4CA600138E0B /* UIView.swift */,
				AC69F0DF2B21B36E00A220E1 /* UIViewController+Convenience.swift */,
			);
			path = Extensions;
			sourceTree = "<group>";
		};
		AC690CEB2AF3C2E100138E0B /* BottomSheet */ = {
			isa = PBXGroup;
			children = (
				AC690CEE2AF3C38400138E0B /* BottomSheetPresentationController.swift */,
				AC690CEC2AF3C32400138E0B /* BottomSheetTransitioningDelegate.swift */,
				AC690CFE2AF7AE2C00138E0B /* BottomSheetModalDismissalHandler.swift */,
				AC69F0E12B21E0A900A220E1 /* BottomSheetConfiguration.swift */,
			);
			path = BottomSheet;
			sourceTree = "<group>";
		};
/* End PBXGroup section */

/* Begin PBXNativeTarget section */
		AC690CC72AF2637000138E0B /* BottomSheet */ = {
			isa = PBXNativeTarget;
			buildConfigurationList = AC690CDC2AF2637100138E0B /* Build configuration list for PBXNativeTarget "BottomSheet" */;
			buildPhases = (
				AC690CC42AF2637000138E0B /* Sources */,
				AC690CC52AF2637000138E0B /* Frameworks */,
				AC690CC62AF2637000138E0B /* Resources */,
			);
			buildRules = (
			);
			dependencies = (
			);
			name = BottomSheet;
			productName = BottomSheet;
			productReference = AC690CC82AF2637000138E0B /* BottomSheet.app */;
			productType = "com.apple.product-type.application";
		};
/* End PBXNativeTarget section */

/* Begin PBXProject section */
		AC690CC02AF2637000138E0B /* Project object */ = {
			isa = PBXProject;
			attributes = {
				BuildIndependentTargetsInParallel = 1;
				LastSwiftUpdateCheck = 1430;
				LastUpgradeCheck = 1430;
				TargetAttributes = {
					AC690CC72AF2637000138E0B = {
						CreatedOnToolsVersion = 14.3.1;
					};
				};
			};
			buildConfigurationList = AC690CC32AF2637000138E0B /* Build configuration list for PBXProject "BottomSheet" */;
			compatibilityVersion = "Xcode 14.0";
			developmentRegion = en;
			hasScannedForEncodings = 0;
			knownRegions = (
				en,
				Base,
			);
			mainGroup = AC690CBF2AF2637000138E0B;
			productRefGroup = AC690CC92AF2637000138E0B /* Products */;
			projectDirPath = "";
			projectRoot = "";
			targets = (
				AC690CC72AF2637000138E0B /* BottomSheet */,
			);
		};
/* End PBXProject section */

/* Begin PBXResourcesBuildPhase section */
		AC690CC62AF2637000138E0B /* Resources */ = {
			isa = PBXResourcesBuildPhase;
			buildActionMask = 2147483647;
			files = (
				AC690CD82AF2637100138E0B /* LaunchScreen.storyboard in Resources */,
				AC690CD52AF2637100138E0B /* Assets.xcassets in Resources */,
				AC690CD32AF2637000138E0B /* Main.storyboard in Resources */,
			);
			runOnlyForDeploymentPostprocessing = 0;
		};
/* End PBXResourcesBuildPhase section */

/* Begin PBXSourcesBuildPhase section */
		AC690CC42AF2637000138E0B /* Sources */ = {
			isa = PBXSourcesBuildPhase;
			buildActionMask = 2147483647;
			files = (
				AC690CEF2AF3C38400138E0B /* BottomSheetPresentationController.swift in Sources */,
				AC690CFF2AF7AE2C00138E0B /* BottomSheetModalDismissalHandler.swift in Sources */,
				AC69F0E02B21B36E00A220E1 /* UIViewController+Convenience.swift in Sources */,
				AC690CD02AF2637000138E0B /* MainViewController.swift in Sources */,
				AC690CCC2AF2637000138E0B /* AppDelegate.swift in Sources */,
				AC690CFB2AF7995500138E0B /* BinaryFloatingPoint.swift in Sources */,
				AC690D032AFCEAE000138E0B /* UIScrollView.swift in Sources */,
				AC690CED2AF3C32400138E0B /* BottomSheetTransitioningDelegate.swift in Sources */,
				AC690D012AFCE85200138E0B /* UIScrollView+MulticastDelegate.swift in Sources */,
				AC690CF52AF42B7B00138E0B /* ScreenScale.swift in Sources */,
				AC690CE02AF2685400138E0B /* ResizeViewController.swift in Sources */,
				AC690CFD2AF799D200138E0B /* CGPoint.swift in Sources */,
				AC690CF92AF7991B00138E0B /* CGSize.swift in Sources */,
				AC690CE22AF26DED00138E0B /* ButtonAction.swift in Sources */,
				AC690D052AFE4CA600138E0B /* UIView.swift in Sources */,
				AC690CF72AF7985100138E0B /* CGRect.swift in Sources */,
				AC690CCE2AF2637000138E0B /* SceneDelegate.swift in Sources */,
				AC69F0E22B21E0A900A220E1 /* BottomSheetConfiguration.swift in Sources */,
				AC690CEA2AF3B3B700138E0B /* UIButton.swift in Sources */,
			);
			runOnlyForDeploymentPostprocessing = 0;
		};
/* End PBXSourcesBuildPhase section */

/* Begin PBXVariantGroup section */
		AC690CD12AF2637000138E0B /* Main.storyboard */ = {
			isa = PBXVariantGroup;
			children = (
				AC690CD22AF2637000138E0B /* Base */,
			);
			name = Main.storyboard;
			sourceTree = "<group>";
		};
		AC690CD62AF2637100138E0B /* LaunchScreen.storyboard */ = {
			isa = PBXVariantGroup;
			children = (
				AC690CD72AF2637100138E0B /* Base */,
			);
			name = LaunchScreen.storyboard;
			sourceTree = "<group>";
		};
/* End PBXVariantGroup section */

/* Begin XCBuildConfiguration section */
		AC690CDA2AF2637100138E0B /* Debug */ = {
			isa = XCBuildConfiguration;
			buildSettings = {
				ALWAYS_SEARCH_USER_PATHS = NO;
				CLANG_ANALYZER_NONNULL = YES;
				CLANG_ANALYZER_NUMBER_OBJECT_CONVERSION = YES_AGGRESSIVE;
				CLANG_CXX_LANGUAGE_STANDARD = "gnu++20";
				CLANG_ENABLE_MODULES = YES;
				CLANG_ENABLE_OBJC_ARC = YES;
				CLANG_ENABLE_OBJC_WEAK = YES;
				CLANG_WARN_BLOCK_CAPTURE_AUTORELEASING = YES;
				CLANG_WARN_BOOL_CONVERSION = YES;
				CLANG_WARN_COMMA = YES;
				CLANG_WARN_CONSTANT_CONVERSION = YES;
				CLANG_WARN_DEPRECATED_OBJC_IMPLEMENTATIONS = YES;
				CLANG_WARN_DIRECT_OBJC_ISA_USAGE = YES_ERROR;
				CLANG_WARN_DOCUMENTATION_COMMENTS = YES;
				CLANG_WARN_EMPTY_BODY = YES;
				CLANG_WARN_ENUM_CONVERSION = YES;
				CLANG_WARN_INFINITE_RECURSION = YES;
				CLANG_WARN_INT_CONVERSION = YES;
				CLANG_WARN_NON_LITERAL_NULL_CONVERSION = YES;
				CLANG_WARN_OBJC_IMPLICIT_RETAIN_SELF = YES;
				CLANG_WARN_OBJC_LITERAL_CONVERSION = YES;
				CLANG_WARN_OBJC_ROOT_CLASS = YES_ERROR;
				CLANG_WARN_QUOTED_INCLUDE_IN_FRAMEWORK_HEADER = YES;
				CLANG_WARN_RANGE_LOOP_ANALYSIS = YES;
				CLANG_WARN_STRICT_PROTOTYPES = YES;
				CLANG_WARN_SUSPICIOUS_MOVE = YES;
				CLANG_WARN_UNGUARDED_AVAILABILITY = YES_AGGRESSIVE;
				CLANG_WARN_UNREACHABLE_CODE = YES;
				CLANG_WARN__DUPLICATE_METHOD_MATCH = YES;
				COPY_PHASE_STRIP = NO;
				DEBUG_INFORMATION_FORMAT = dwarf;
				ENABLE_STRICT_OBJC_MSGSEND = YES;
				ENABLE_TESTABILITY = YES;
				GCC_C_LANGUAGE_STANDARD = gnu11;
				GCC_DYNAMIC_NO_PIC = NO;
				GCC_NO_COMMON_BLOCKS = YES;
				GCC_OPTIMIZATION_LEVEL = 0;
				GCC_PREPROCESSOR_DEFINITIONS = (
					"DEBUG=1",
					"$(inherited)",
				);
				GCC_WARN_64_TO_32_BIT_CONVERSION = YES;
				GCC_WARN_ABOUT_RETURN_TYPE = YES_ERROR;
				GCC_WARN_UNDECLARED_SELECTOR = YES;
				GCC_WARN_UNINITIALIZED_AUTOS = YES_AGGRESSIVE;
				GCC_WARN_UNUSED_FUNCTION = YES;
				GCC_WARN_UNUSED_VARIABLE = YES;
				IPHONEOS_DEPLOYMENT_TARGET = 16.4;
				MTL_ENABLE_DEBUG_INFO = INCLUDE_SOURCE;
				MTL_FAST_MATH = YES;
				ONLY_ACTIVE_ARCH = YES;
				SDKROOT = iphoneos;
				SWIFT_ACTIVE_COMPILATION_CONDITIONS = DEBUG;
				SWIFT_OPTIMIZATION_LEVEL = "-Onone";
			};
			name = Debug;
		};
		AC690CDB2AF2637100138E0B /* Release */ = {
			isa = XCBuildConfiguration;
			buildSettings = {
				ALWAYS_SEARCH_USER_PATHS = NO;
				CLANG_ANALYZER_NONNULL = YES;
				CLANG_ANALYZER_NUMBER_OBJECT_CONVERSION = YES_AGGRESSIVE;
				CLANG_CXX_LANGUAGE_STANDARD = "gnu++20";
				CLANG_ENABLE_MODULES = YES;
				CLANG_ENABLE_OBJC_ARC = YES;
				CLANG_ENABLE_OBJC_WEAK = YES;
				CLANG_WARN_BLOCK_CAPTURE_AUTORELEASING = YES;
				CLANG_WARN_BOOL_CONVERSION = YES;
				CLANG_WARN_COMMA = YES;
				CLANG_WARN_CONSTANT_CONVERSION = YES;
				CLANG_WARN_DEPRECATED_OBJC_IMPLEMENTATIONS = YES;
				CLANG_WARN_DIRECT_OBJC_ISA_USAGE = YES_ERROR;
				CLANG_WARN_DOCUMENTATION_COMMENTS = YES;
				CLANG_WARN_EMPTY_BODY = YES;
				CLANG_WARN_ENUM_CONVERSION = YES;
				CLANG_WARN_INFINITE_RECURSION = YES;
				CLANG_WARN_INT_CONVERSION = YES;
				CLANG_WARN_NON_LITERAL_NULL_CONVERSION = YES;
				CLANG_WARN_OBJC_IMPLICIT_RETAIN_SELF = YES;
				CLANG_WARN_OBJC_LITERAL_CONVERSION = YES;
				CLANG_WARN_OBJC_ROOT_CLASS = YES_ERROR;
				CLANG_WARN_QUOTED_INCLUDE_IN_FRAMEWORK_HEADER = YES;
				CLANG_WARN_RANGE_LOOP_ANALYSIS = YES;
				CLANG_WARN_STRICT_PROTOTYPES = YES;
				CLANG_WARN_SUSPICIOUS_MOVE = YES;
				CLANG_WARN_UNGUARDED_AVAILABILITY = YES_AGGRESSIVE;
				CLANG_WARN_UNREACHABLE_CODE = YES;
				CLANG_WARN__DUPLICATE_METHOD_MATCH = YES;
				COPY_PHASE_STRIP = NO;
				DEBUG_INFORMATION_FORMAT = "dwarf-with-dsym";
				ENABLE_NS_ASSERTIONS = NO;
				ENABLE_STRICT_OBJC_MSGSEND = YES;
				GCC_C_LANGUAGE_STANDARD = gnu11;
				GCC_NO_COMMON_BLOCKS = YES;
				GCC_WARN_64_TO_32_BIT_CONVERSION = YES;
				GCC_WARN_ABOUT_RETURN_TYPE = YES_ERROR;
				GCC_WARN_UNDECLARED_SELECTOR = YES;
				GCC_WARN_UNINITIALIZED_AUTOS = YES_AGGRESSIVE;
				GCC_WARN_UNUSED_FUNCTION = YES;
				GCC_WARN_UNUSED_VARIABLE = YES;
				IPHONEOS_DEPLOYMENT_TARGET = 16.4;
				MTL_ENABLE_DEBUG_INFO = NO;
				MTL_FAST_MATH = YES;
				SDKROOT = iphoneos;
				SWIFT_COMPILATION_MODE = wholemodule;
				SWIFT_OPTIMIZATION_LEVEL = "-O";
				VALIDATE_PRODUCT = YES;
			};
			name = Release;
		};
		AC690CDD2AF2637100138E0B /* Debug */ = {
			isa = XCBuildConfiguration;
			buildSettings = {
				ASSETCATALOG_COMPILER_APPICON_NAME = AppIcon;
				ASSETCATALOG_COMPILER_GLOBAL_ACCENT_COLOR_NAME = AccentColor;
				CODE_SIGN_STYLE = Automatic;
				CURRENT_PROJECT_VERSION = 1;
				DEVELOPMENT_TEAM = QQ7NB58NL6;
				GENERATE_INFOPLIST_FILE = YES;
				INFOPLIST_FILE = BottomSheet/App/Info.plist;
				INFOPLIST_KEY_UIApplicationSupportsIndirectInputEvents = YES;
				INFOPLIST_KEY_UILaunchStoryboardName = LaunchScreen;
				INFOPLIST_KEY_UIMainStoryboardFile = Main;
				INFOPLIST_KEY_UISupportedInterfaceOrientations_iPad = "UIInterfaceOrientationPortrait UIInterfaceOrientationPortraitUpsideDown UIInterfaceOrientationLandscapeLeft UIInterfaceOrientationLandscapeRight";
				INFOPLIST_KEY_UISupportedInterfaceOrientations_iPhone = "UIInterfaceOrientationPortrait UIInterfaceOrientationLandscapeLeft UIInterfaceOrientationLandscapeRight";
				LD_RUNPATH_SEARCH_PATHS = (
					"$(inherited)",
					"@executable_path/Frameworks",
				);
				MARKETING_VERSION = 1.0;
				PRODUCT_BUNDLE_IDENTIFIER = PavlovAA.BottomSheet;
				PRODUCT_NAME = "$(TARGET_NAME)";
				SWIFT_EMIT_LOC_STRINGS = YES;
				SWIFT_VERSION = 5.0;
				TARGETED_DEVICE_FAMILY = "1,2";
			};
			name = Debug;
		};
		AC690CDE2AF2637100138E0B /* Release */ = {
			isa = XCBuildConfiguration;
			buildSettings = {
				ASSETCATALOG_COMPILER_APPICON_NAME = AppIcon;
				ASSETCATALOG_COMPILER_GLOBAL_ACCENT_COLOR_NAME = AccentColor;
				CODE_SIGN_STYLE = Automatic;
				CURRENT_PROJECT_VERSION = 1;
				DEVELOPMENT_TEAM = QQ7NB58NL6;
				GENERATE_INFOPLIST_FILE = YES;
				INFOPLIST_FILE = BottomSheet/App/Info.plist;
				INFOPLIST_KEY_UIApplicationSupportsIndirectInputEvents = YES;
				INFOPLIST_KEY_UILaunchStoryboardName = LaunchScreen;
				INFOPLIST_KEY_UIMainStoryboardFile = Main;
				INFOPLIST_KEY_UISupportedInterfaceOrientations_iPad = "UIInterfaceOrientationPortrait UIInterfaceOrientationPortraitUpsideDown UIInterfaceOrientationLandscapeLeft UIInterfaceOrientationLandscapeRight";
				INFOPLIST_KEY_UISupportedInterfaceOrientations_iPhone = "UIInterfaceOrientationPortrait UIInterfaceOrientationLandscapeLeft UIInterfaceOrientationLandscapeRight";
				LD_RUNPATH_SEARCH_PATHS = (
					"$(inherited)",
					"@executable_path/Frameworks",
				);
				MARKETING_VERSION = 1.0;
				PRODUCT_BUNDLE_IDENTIFIER = PavlovAA.BottomSheet;
				PRODUCT_NAME = "$(TARGET_NAME)";
				SWIFT_EMIT_LOC_STRINGS = YES;
				SWIFT_VERSION = 5.0;
				TARGETED_DEVICE_FAMILY = "1,2";
			};
			name = Release;
		};
/* End XCBuildConfiguration section */

/* Begin XCConfigurationList section */
		AC690CC32AF2637000138E0B /* Build configuration list for PBXProject "BottomSheet" */ = {
			isa = XCConfigurationList;
			buildConfigurations = (
				AC690CDA2AF2637100138E0B /* Debug */,
				AC690CDB2AF2637100138E0B /* Release */,
			);
			defaultConfigurationIsVisible = 0;
			defaultConfigurationName = Release;
		};
		AC690CDC2AF2637100138E0B /* Build configuration list for PBXNativeTarget "BottomSheet" */ = {
			isa = XCConfigurationList;
			buildConfigurations = (
				AC690CDD2AF2637100138E0B /* Debug */,
				AC690CDE2AF2637100138E0B /* Release */,
			);
			defaultConfigurationIsVisible = 0;
			defaultConfigurationName = Release;
		};
/* End XCConfigurationList section */
	};
	rootObject = AC690CC02AF2637000138E0B /* Project object */;
}
